
Microsoft Visual Studio Solution File, Format Version 12.00
# Visual Studio Version 17
VisualStudioVersion = 17.12.35521.163 d17.12
MinimumVisualStudioVersion = 10.0.40219.1
Project("{FAE04EC0-301F-11D3-BF4B-00C04F79EFBC}") = "Insertion Sort", "Insertion Sort\Insertion Sort.csproj", "{859AD50A-5756-4E96-855F-99921311444F}"
EndProject
Project("{FAE04EC0-301F-11D3-BF4B-00C04F79EFBC}") = "Bubble Sort", "Bubble Sort\Bubble Sort.csproj", "{2ED9A09C-7A72-4221-9F49-7C9AA4D6D14F}"
EndProject
Project("{FAE04EC0-301F-11D3-BF4B-00C04F79EFBC}") = "Selection Sort", "Selection Sort\Selection Sort.csproj", "{3B208E44-023C-46CF-B7F4-1E872A0AFFF3}"
EndProject
Project("{FAE04EC0-301F-11D3-BF4B-00C04F79EFBC}") = "Quick Sort", "Quick Sort\Quick Sort.csproj", "{64C4A7F0-BF9E-4D5E-A5F1-560BB7BCA70E}"
EndProject
Project("{FAE04EC0-301F-11D3-BF4B-00C04F79EFBC}") = "Shell Sort", "Shell Sort\Shell Sort.csproj", "{0D5382F9-4249-4536-A797-D80A203429A1}"
EndProject
Project("{FAE04EC0-301F-11D3-BF4B-00C04F79EFBC}") = "Heap Sort", "Heap Sort\Heap Sort.csproj", "{460EF01C-9AD4-4B1F-A4D1-EC9408FC9315}"
EndProject
Project("{FAE04EC0-301F-11D3-BF4B-00C04F79EFBC}") = "Merge Sort", "Merge Sort\Merge Sort.csproj", "{A41681AF-F2A7-48AE-A136-12A53762795D}"
EndProject
Project("{FAE04EC0-301F-11D3-BF4B-00C04F79EFBC}") = "Cocktail Shaker Sort", "Cocktail Shaker Sort\Cocktail Shaker Sort.csproj", "{5060D255-A1FB-442A-8CF1-D972770CF7BD}"
EndProject
Global
	GlobalSection(SolutionConfigurationPlatforms) = preSolution
		Debug|Any CPU = Debug|Any CPU
		Release|Any CPU = Release|Any CPU
	EndGlobalSection
	GlobalSection(ProjectConfigurationPlatforms) = postSolution
		{859AD50A-5756-4E96-855F-99921311444F}.Debug|Any CPU.ActiveCfg = Debug|Any CPU
		{859AD50A-5756-4E96-855F-99921311444F}.Debug|Any CPU.Build.0 = Debug|Any CPU
		{859AD50A-5756-4E96-855F-99921311444F}.Release|Any CPU.ActiveCfg = Release|Any CPU
		{859AD50A-5756-4E96-855F-99921311444F}.Release|Any CPU.Build.0 = Release|Any CPU
		{2ED9A09C-7A72-4221-9F49-7C9AA4D6D14F}.Debug|Any CPU.ActiveCfg = Debug|Any CPU
		{2ED9A09C-7A72-4221-9F49-7C9AA4D6D14F}.Debug|Any CPU.Build.0 = Debug|Any CPU
		{2ED9A09C-7A72-4221-9F49-7C9AA4D6D14F}.Release|Any CPU.ActiveCfg = Release|Any CPU
		{2ED9A09C-7A72-4221-9F49-7C9AA4D6D14F}.Release|Any CPU.Build.0 = Release|Any CPU
		{3B208E44-023C-46CF-B7F4-1E872A0AFFF3}.Debug|Any CPU.ActiveCfg = Debug|Any CPU
		{3B208E44-023C-46CF-B7F4-1E872A0AFFF3}.Debug|Any CPU.Build.0 = Debug|Any CPU
		{3B208E44-023C-46CF-B7F4-1E872A0AFFF3}.Release|Any CPU.ActiveCfg = Release|Any CPU
		{3B208E44-023C-46CF-B7F4-1E872A0AFFF3}.Release|Any CPU.Build.0 = Release|Any CPU
		{64C4A7F0-BF9E-4D5E-A5F1-560BB7BCA70E}.Debug|Any CPU.ActiveCfg = Debug|Any CPU
		{64C4A7F0-BF9E-4D5E-A5F1-560BB7BCA70E}.Debug|Any CPU.Build.0 = Debug|Any CPU
		{64C4A7F0-BF9E-4D5E-A5F1-560BB7BCA70E}.Release|Any CPU.ActiveCfg = Release|Any CPU
		{64C4A7F0-BF9E-4D5E-A5F1-560BB7BCA70E}.Release|Any CPU.Build.0 = Release|Any CPU
		{0D5382F9-4249-4536-A797-D80A203429A1}.Debug|Any CPU.ActiveCfg = Debug|Any CPU
		{0D5382F9-4249-4536-A797-D80A203429A1}.Debug|Any CPU.Build.0 = Debug|Any CPU
		{0D5382F9-4249-4536-A797-D80A203429A1}.Release|Any CPU.ActiveCfg = Release|Any CPU
		{0D5382F9-4249-4536-A797-D80A203429A1}.Release|Any CPU.Build.0 = Release|Any CPU
		{460EF01C-9AD4-4B1F-A4D1-EC9408FC9315}.Debug|Any CPU.ActiveCfg = Debug|Any CPU
		{460EF01C-9AD4-4B1F-A4D1-EC9408FC9315}.Debug|Any CPU.Build.0 = Debug|Any CPU
		{460EF01C-9AD4-4B1F-A4D1-EC9408FC9315}.Release|Any CPU.ActiveCfg = Release|Any CPU
		{460EF01C-9AD4-4B1F-A4D1-EC9408FC9315}.Release|Any CPU.Build.0 = Release|Any CPU
		{A41681AF-F2A7-48AE-A136-12A53762795D}.Debug|Any CPU.ActiveCfg = Debug|Any CPU
		{A41681AF-F2A7-48AE-A136-12A53762795D}.Debug|Any CPU.Build.0 = Debug|Any CPU
		{A41681AF-F2A7-48AE-A136-12A53762795D}.Release|Any CPU.ActiveCfg = Release|Any CPU
		{A41681AF-F2A7-48AE-A136-12A53762795D}.Release|Any CPU.Build.0 = Release|Any CPU
		{5060D255-A1FB-442A-8CF1-D972770CF7BD}.Debug|Any CPU.ActiveCfg = Debug|Any CPU
		{5060D255-A1FB-442A-8CF1-D972770CF7BD}.Debug|Any CPU.Build.0 = Debug|Any CPU
		{5060D255-A1FB-442A-8CF1-D972770CF7BD}.Release|Any CPU.ActiveCfg = Release|Any CPU
		{5060D255-A1FB-442A-8CF1-D972770CF7BD}.Release|Any CPU.Build.0 = Release|Any CPU
	EndGlobalSection
	GlobalSection(SolutionProperties) = preSolution
		HideSolutionNode = FALSE
	EndGlobalSection
EndGlobal
