
Microsoft Visual Studio Solution File, Format Version 12.00
# Visual Studio Version 17
VisualStudioVersion = 17.12.35521.163 d17.12
MinimumVisualStudioVersion = 10.0.40219.1
Project("{FAE04EC0-301F-11D3-BF4B-00C04F79EFBC}") = "task_1", "task_1\task_1.csproj", "{0E23D047-06FD-461F-853E-831578497A15}"
EndProject
Project("{FAE04EC0-301F-11D3-BF4B-00C04F79EFBC}") = "task_2", "task_2\task_2.csproj", "{81DB0686-EA91-40FD-B444-EA0620885EBE}"
EndProject
Project("{FAE04EC0-301F-11D3-BF4B-00C04F79EFBC}") = "task_3", "task_3\task_3.csproj", "{E4B12D56-5703-490E-9927-8504734FF9ED}"
EndProject
Project("{FAE04EC0-301F-11D3-BF4B-00C04F79EFBC}") = "task_4", "task_4\task_4.csproj", "{A708F254-4E7B-4C36-BE8E-F941DB34ACB7}"
EndProject
Project("{FAE04EC0-301F-11D3-BF4B-00C04F79EFBC}") = "task_5", "task_5\task_5.csproj", "{2F076ACA-F123-4CA7-80A1-089EB5C3E410}"
EndProject
Project("{FAE04EC0-301F-11D3-BF4B-00C04F79EFBC}") = "task_6", "task_6\task_6.csproj", "{08553B3C-8D44-409D-B626-88ECA4DD0C63}"
EndProject
Project("{FAE04EC0-301F-11D3-BF4B-00C04F79EFBC}") = "task_7", "task_7\task_7.csproj", "{34A26F50-889C-4A82-94D3-DC9546E3A020}"
EndProject
Project("{FAE04EC0-301F-11D3-BF4B-00C04F79EFBC}") = "task_8", "task_8\task_8.csproj", "{6040472B-E109-462B-BE33-944138265D3D}"
EndProject
Project("{FAE04EC0-301F-11D3-BF4B-00C04F79EFBC}") = "task_9", "task_9\task_9.csproj", "{A0DAFA91-85E4-46C4-9982-A35EA6E9EB93}"
EndProject
Project("{FAE04EC0-301F-11D3-BF4B-00C04F79EFBC}") = "task_10", "task_10\task_10.csproj", "{2741C502-575F-445F-BA4B-F0FCCAB045DD}"
EndProject
Project("{FAE04EC0-301F-11D3-BF4B-00C04F79EFBC}") = "task_11", "task_11\task_11.csproj", "{983B7154-2FFB-4E9E-9E7A-7FB44B1EC81C}"
EndProject
Project("{FAE04EC0-301F-11D3-BF4B-00C04F79EFBC}") = "task_12", "task_12\task_12.csproj", "{41188760-447C-4894-A017-F3C2659B2578}"
EndProject
Project("{FAE04EC0-301F-11D3-BF4B-00C04F79EFBC}") = "task_13", "task_13\task_13.csproj", "{1B3E1D8F-7411-4FE8-9AAA-70CD361F8C93}"
EndProject
Project("{FAE04EC0-301F-11D3-BF4B-00C04F79EFBC}") = "task_14", "task_14\task_14.csproj", "{2FFBA880-0499-419F-A35E-A5049FE49831}"
EndProject
Project("{FAE04EC0-301F-11D3-BF4B-00C04F79EFBC}") = "task_15", "task_15\task_15.csproj", "{64551DBD-E589-43EE-91D1-E32083B16A85}"
EndProject
Project("{FAE04EC0-301F-11D3-BF4B-00C04F79EFBC}") = "task_16", "task_16\task_16.csproj", "{16ECF2AA-931D-4F62-99BC-1371692976A9}"
EndProject
Project("{FAE04EC0-301F-11D3-BF4B-00C04F79EFBC}") = "task_17", "task_17\task_17.csproj", "{27A7A799-D549-45C0-8050-B89482ABF3E5}"
EndProject
Global
	GlobalSection(SolutionConfigurationPlatforms) = preSolution
		Debug|Any CPU = Debug|Any CPU
		Release|Any CPU = Release|Any CPU
	EndGlobalSection
	GlobalSection(ProjectConfigurationPlatforms) = postSolution
		{0E23D047-06FD-461F-853E-831578497A15}.Debug|Any CPU.ActiveCfg = Debug|Any CPU
		{0E23D047-06FD-461F-853E-831578497A15}.Debug|Any CPU.Build.0 = Debug|Any CPU
		{0E23D047-06FD-461F-853E-831578497A15}.Release|Any CPU.ActiveCfg = Release|Any CPU
		{0E23D047-06FD-461F-853E-831578497A15}.Release|Any CPU.Build.0 = Release|Any CPU
		{81DB0686-EA91-40FD-B444-EA0620885EBE}.Debug|Any CPU.ActiveCfg = Debug|Any CPU
		{81DB0686-EA91-40FD-B444-EA0620885EBE}.Debug|Any CPU.Build.0 = Debug|Any CPU
		{81DB0686-EA91-40FD-B444-EA0620885EBE}.Release|Any CPU.ActiveCfg = Release|Any CPU
		{81DB0686-EA91-40FD-B444-EA0620885EBE}.Release|Any CPU.Build.0 = Release|Any CPU
		{E4B12D56-5703-490E-9927-8504734FF9ED}.Debug|Any CPU.ActiveCfg = Debug|Any CPU
		{E4B12D56-5703-490E-9927-8504734FF9ED}.Debug|Any CPU.Build.0 = Debug|Any CPU
		{E4B12D56-5703-490E-9927-8504734FF9ED}.Release|Any CPU.ActiveCfg = Release|Any CPU
		{E4B12D56-5703-490E-9927-8504734FF9ED}.Release|Any CPU.Build.0 = Release|Any CPU
		{A708F254-4E7B-4C36-BE8E-F941DB34ACB7}.Debug|Any CPU.ActiveCfg = Debug|Any CPU
		{A708F254-4E7B-4C36-BE8E-F941DB34ACB7}.Debug|Any CPU.Build.0 = Debug|Any CPU
		{A708F254-4E7B-4C36-BE8E-F941DB34ACB7}.Release|Any CPU.ActiveCfg = Release|Any CPU
		{A708F254-4E7B-4C36-BE8E-F941DB34ACB7}.Release|Any CPU.Build.0 = Release|Any CPU
		{2F076ACA-F123-4CA7-80A1-089EB5C3E410}.Debug|Any CPU.ActiveCfg = Debug|Any CPU
		{2F076ACA-F123-4CA7-80A1-089EB5C3E410}.Debug|Any CPU.Build.0 = Debug|Any CPU
		{2F076ACA-F123-4CA7-80A1-089EB5C3E410}.Release|Any CPU.ActiveCfg = Release|Any CPU
		{2F076ACA-F123-4CA7-80A1-089EB5C3E410}.Release|Any CPU.Build.0 = Release|Any CPU
		{08553B3C-8D44-409D-B626-88ECA4DD0C63}.Debug|Any CPU.ActiveCfg = Debug|Any CPU
		{08553B3C-8D44-409D-B626-88ECA4DD0C63}.Debug|Any CPU.Build.0 = Debug|Any CPU
		{08553B3C-8D44-409D-B626-88ECA4DD0C63}.Release|Any CPU.ActiveCfg = Release|Any CPU
		{08553B3C-8D44-409D-B626-88ECA4DD0C63}.Release|Any CPU.Build.0 = Release|Any CPU
		{34A26F50-889C-4A82-94D3-DC9546E3A020}.Debug|Any CPU.ActiveCfg = Debug|Any CPU
		{34A26F50-889C-4A82-94D3-DC9546E3A020}.Debug|Any CPU.Build.0 = Debug|Any CPU
		{34A26F50-889C-4A82-94D3-DC9546E3A020}.Release|Any CPU.ActiveCfg = Release|Any CPU
		{34A26F50-889C-4A82-94D3-DC9546E3A020}.Release|Any CPU.Build.0 = Release|Any CPU
		{6040472B-E109-462B-BE33-944138265D3D}.Debug|Any CPU.ActiveCfg = Debug|Any CPU
		{6040472B-E109-462B-BE33-944138265D3D}.Debug|Any CPU.Build.0 = Debug|Any CPU
		{6040472B-E109-462B-BE33-944138265D3D}.Release|Any CPU.ActiveCfg = Release|Any CPU
		{6040472B-E109-462B-BE33-944138265D3D}.Release|Any CPU.Build.0 = Release|Any CPU
		{A0DAFA91-85E4-46C4-9982-A35EA6E9EB93}.Debug|Any CPU.ActiveCfg = Debug|Any CPU
		{A0DAFA91-85E4-46C4-9982-A35EA6E9EB93}.Debug|Any CPU.Build.0 = Debug|Any CPU
		{A0DAFA91-85E4-46C4-9982-A35EA6E9EB93}.Release|Any CPU.ActiveCfg = Release|Any CPU
		{A0DAFA91-85E4-46C4-9982-A35EA6E9EB93}.Release|Any CPU.Build.0 = Release|Any CPU
		{2741C502-575F-445F-BA4B-F0FCCAB045DD}.Debug|Any CPU.ActiveCfg = Debug|Any CPU
		{2741C502-575F-445F-BA4B-F0FCCAB045DD}.Debug|Any CPU.Build.0 = Debug|Any CPU
		{2741C502-575F-445F-BA4B-F0FCCAB045DD}.Release|Any CPU.ActiveCfg = Release|Any CPU
		{2741C502-575F-445F-BA4B-F0FCCAB045DD}.Release|Any CPU.Build.0 = Release|Any CPU
		{983B7154-2FFB-4E9E-9E7A-7FB44B1EC81C}.Debug|Any CPU.ActiveCfg = Debug|Any CPU
		{983B7154-2FFB-4E9E-9E7A-7FB44B1EC81C}.Debug|Any CPU.Build.0 = Debug|Any CPU
		{983B7154-2FFB-4E9E-9E7A-7FB44B1EC81C}.Release|Any CPU.ActiveCfg = Release|Any CPU
		{983B7154-2FFB-4E9E-9E7A-7FB44B1EC81C}.Release|Any CPU.Build.0 = Release|Any CPU
		{41188760-447C-4894-A017-F3C2659B2578}.Debug|Any CPU.ActiveCfg = Debug|Any CPU
		{41188760-447C-4894-A017-F3C2659B2578}.Debug|Any CPU.Build.0 = Debug|Any CPU
		{41188760-447C-4894-A017-F3C2659B2578}.Release|Any CPU.ActiveCfg = Release|Any CPU
		{41188760-447C-4894-A017-F3C2659B2578}.Release|Any CPU.Build.0 = Release|Any CPU
		{1B3E1D8F-7411-4FE8-9AAA-70CD361F8C93}.Debug|Any CPU.ActiveCfg = Debug|Any CPU
		{1B3E1D8F-7411-4FE8-9AAA-70CD361F8C93}.Debug|Any CPU.Build.0 = Debug|Any CPU
		{1B3E1D8F-7411-4FE8-9AAA-70CD361F8C93}.Release|Any CPU.ActiveCfg = Release|Any CPU
		{1B3E1D8F-7411-4FE8-9AAA-70CD361F8C93}.Release|Any CPU.Build.0 = Release|Any CPU
		{2FFBA880-0499-419F-A35E-A5049FE49831}.Debug|Any CPU.ActiveCfg = Debug|Any CPU
		{2FFBA880-0499-419F-A35E-A5049FE49831}.Debug|Any CPU.Build.0 = Debug|Any CPU
		{2FFBA880-0499-419F-A35E-A5049FE49831}.Release|Any CPU.ActiveCfg = Release|Any CPU
		{2FFBA880-0499-419F-A35E-A5049FE49831}.Release|Any CPU.Build.0 = Release|Any CPU
		{64551DBD-E589-43EE-91D1-E32083B16A85}.Debug|Any CPU.ActiveCfg = Debug|Any CPU
		{64551DBD-E589-43EE-91D1-E32083B16A85}.Debug|Any CPU.Build.0 = Debug|Any CPU
		{64551DBD-E589-43EE-91D1-E32083B16A85}.Release|Any CPU.ActiveCfg = Release|Any CPU
		{64551DBD-E589-43EE-91D1-E32083B16A85}.Release|Any CPU.Build.0 = Release|Any CPU
		{16ECF2AA-931D-4F62-99BC-1371692976A9}.Debug|Any CPU.ActiveCfg = Debug|Any CPU
		{16ECF2AA-931D-4F62-99BC-1371692976A9}.Debug|Any CPU.Build.0 = Debug|Any CPU
		{16ECF2AA-931D-4F62-99BC-1371692976A9}.Release|Any CPU.ActiveCfg = Release|Any CPU
		{16ECF2AA-931D-4F62-99BC-1371692976A9}.Release|Any CPU.Build.0 = Release|Any CPU
		{27A7A799-D549-45C0-8050-B89482ABF3E5}.Debug|Any CPU.ActiveCfg = Debug|Any CPU
		{27A7A799-D549-45C0-8050-B89482ABF3E5}.Debug|Any CPU.Build.0 = Debug|Any CPU
		{27A7A799-D549-45C0-8050-B89482ABF3E5}.Release|Any CPU.ActiveCfg = Release|Any CPU
		{27A7A799-D549-45C0-8050-B89482ABF3E5}.Release|Any CPU.Build.0 = Release|Any CPU
	EndGlobalSection
	GlobalSection(SolutionProperties) = preSolution
		HideSolutionNode = FALSE
	EndGlobalSection
EndGlobal
